Microsoft Visual Studio Solution File, Format Version 12.00
# Visual Studio Version 16
VisualStudioVersion = 16.0.0.0
MinimumVisualStudioVersion = 16.0.0.0
Project("{9A19103F-16F7-4668-BE54-9A1E7A4F7556}") = "BlazorCustomIdentity", "BlazorCustomIdentity\BlazorCustomIdentity.csproj", "{6DA243D4-0691-49B0-BCA1-86787A5019C6}"
EndProject
Project("{9A19103F-16F7-4668-BE54-9A1E7A4F7556}") = "BlazorCustomIdentity.Client", "BlazorCustomIdentity.Client\BlazorCustomIdentity.Client.csproj", "{8CDF4A11-C5FB-4336-A3DD-D9DBF6BCDD22}"
EndProject
Global
	GlobalSection(SolutionConfigurationPlatforms) = preSolution
		Debug|Any CPU = Debug|Any CPU
		Debug|x64 = Debug|x64
		Debug|x86 = Debug|x86
		Release|Any CPU = Release|Any CPU
		Release|x64 = Release|x64
		Release|x86 = Release|x86
	EndGlobalSection
	GlobalSection(ProjectConfigurationPlatforms) = postSolution
		{8CDF4A11-C5FB-4336-A3DD-D9DBF6BCDD22}.Debug|Any CPU.ActiveCfg = Debug|Any CPU
		{8CDF4A11-C5FB-4336-A3DD-D9DBF6BCDD22}.Debug|Any CPU.Build.0 = Debug|Any CPU
		{8CDF4A11-C5FB-4336-A3DD-D9DBF6BCDD22}.Debug|x64.ActiveCfg = Debug|Any CPU
		{8CDF4A11-C5FB-4336-A3DD-D9DBF6BCDD22}.Debug|x64.Build.0 = Debug|Any CPU
		{8CDF4A11-C5FB-4336-A3DD-D9DBF6BCDD22}.Debug|x86.ActiveCfg = Debug|Any CPU
		{8CDF4A11-C5FB-4336-A3DD-D9DBF6BCDD22}.Debug|x86.Build.0 = Debug|Any CPU
		{8CDF4A11-C5FB-4336-A3DD-D9DBF6BCDD22}.Release|Any CPU.ActiveCfg = Release|Any CPU
		{8CDF4A11-C5FB-4336-A3DD-D9DBF6BCDD22}.Release|Any CPU.Build.0 = Release|Any CPU
		{8CDF4A11-C5FB-4336-A3DD-D9DBF6BCDD22}.Release|x64.ActiveCfg = Release|Any CPU
		{8CDF4A11-C5FB-4336-A3DD-D9DBF6BCDD22}.Release|x64.Build.0 = Release|Any CPU
		{8CDF4A11-C5FB-4336-A3DD-D9DBF6BCDD22}.Release|x86.ActiveCfg = Release|Any CPU
		{8CDF4A11-C5FB-4336-A3DD-D9DBF6BCDD22}.Release|x86.Build.0 = Release|Any CPU
		{6DA243D4-0691-49B0-BCA1-86787A5019C6}.Debug|Any CPU.ActiveCfg = Debug|Any CPU
		{6DA243D4-0691-49B0-BCA1-86787A5019C6}.Debug|Any CPU.Build.0 = Debug|Any CPU
		{6DA243D4-0691-49B0-BCA1-86787A5019C6}.Debug|x64.ActiveCfg = Debug|Any CPU
		{6DA243D4-0691-49B0-BCA1-86787A5019C6}.Debug|x64.Build.0 = Debug|Any CPU
		{6DA243D4-0691-49B0-BCA1-86787A5019C6}.Debug|x86.ActiveCfg = Debug|Any CPU
		{6DA243D4-0691-49B0-BCA1-86787A5019C6}.Debug|x86.Build.0 = Debug|Any CPU
		{6DA243D4-0691-49B0-BCA1-86787A5019C6}.Release|Any CPU.ActiveCfg = Release|Any CPU
		{6DA243D4-0691-49B0-BCA1-86787A5019C6}.Release|Any CPU.Build.0 = Release|Any CPU
		{6DA243D4-0691-49B0-BCA1-86787A5019C6}.Release|x64.ActiveCfg = Release|Any CPU
		{6DA243D4-0691-49B0-BCA1-86787A5019C6}.Release|x64.Build.0 = Release|Any CPU
		{6DA243D4-0691-49B0-BCA1-86787A5019C6}.Release|x86.ActiveCfg = Release|Any CPU
		{6DA243D4-0691-49B0-BCA1-86787A5019C6}.Release|x86.Build.0 = Release|Any CPU
	EndGlobalSection
	GlobalSection(SolutionProperties) = preSolution
		HideSolutionNode = FALSE
	EndGlobalSection
	GlobalSection(ExtensibilityGlobals) = postSolution
		SolutionGuid = {83C868DE-32C3-402A-A7D3-52C04360C65B}
	EndGlobalSection
EndGlobal
